// !$*UTF8*$!
{
	archiveVersion = 1;
	classes = {
	};
	objectVersion = 71;
	objects = {

/* Begin PBXBuildFile section */
		A10000000000000000000011 /* HermesRelayIOSApp.swift in Sources */ = {isa = PBXBuildFile; fileRef = A10000000000000000000021 /* HermesRelayIOSApp.swift */; };
		A10000000000000000000012 /* SessionModels.swift in Sources */ = {isa = PBXBuildFile; fileRef = A10000000000000000000022 /* SessionModels.swift */; };
		A10000000000000000000013 /* HermesSessionClient.swift in Sources */ = {isa = PBXBuildFile; fileRef = A10000000000000000000023 /* HermesSessionClient.swift */; };
		A10000000000000000000014 /* ConversationStore.swift in Sources */ = {isa = PBXBuildFile; fileRef = A10000000000000000000024 /* ConversationStore.swift */; };
		A10000000000000000000015 /* ContentView.swift in Sources */ = {isa = PBXBuildFile; fileRef = A10000000000000000000025 /* ContentView.swift */; };
		A10000000000000000000016 /* MessageBubble.swift in Sources */ = {isa = PBXBuildFile; fileRef = A10000000000000000000026 /* MessageBubble.swift */; };
		A10000000000000000000017 /* HermesRelayIOSTests.swift in Sources */ = {isa = PBXBuildFile; fileRef = A10000000000000000000031 /* HermesRelayIOSTests.swift */; };
		A10000000000000000000018 /* RelayConfigurationTests.swift in Sources */ = {isa = PBXBuildFile; fileRef = A10000000000000000000032 /* RelayConfigurationTests.swift */; };
		A10000000000000000000019 /* RelayProfile.swift in Sources */ = {isa = PBXBuildFile; fileRef = A10000000000000000000033 /* RelayProfile.swift */; };
		A1000000000000000000001A /* SecureValueStore.swift in Sources */ = {isa = PBXBuildFile; fileRef = A10000000000000000000034 /* SecureValueStore.swift */; };
		A1000000000000000000001B /* RelayConfigurationStore.swift in Sources */ = {isa = PBXBuildFile; fileRef = A10000000000000000000035 /* RelayConfigurationStore.swift */; };
/* End PBXBuildFile section */

/* Begin PBXContainerItemProxy section */
		A10000000000000000000041 /* PBXContainerItemProxy */ = {
			isa = PBXContainerItemProxy;
			containerPortal = A10000000000000000000001 /* Project object */;
			proxyType = 1;
			remoteGlobalIDString = A10000000000000000000002;
			remoteInfo = HermesRelayIOS;
		};
/* End PBXContainerItemProxy section */

/* Begin PBXFileReference section */
		A10000000000000000000020 /* HermesRelayIOS.app */ = {isa = PBXFileReference; explicitFileType = wrapper.application; includeInIndex = 0; path = HermesRelayIOS.app; sourceTree = BUILT_PRODUCTS_DIR; };
		A10000000000000000000021 /* HermesRelayIOSApp.swift */ = {isa = PBXFileReference; lastKnownFileType = sourcecode.swift; path = HermesRelayIOSApp.swift; sourceTree = "<group>"; };
		A10000000000000000000022 /* SessionModels.swift */ = {isa = PBXFileReference; lastKnownFileType = sourcecode.swift; path = SessionModels.swift; sourceTree = "<group>"; };
		A10000000000000000000023 /* HermesSessionClient.swift */ = {isa = PBXFileReference; lastKnownFileType = sourcecode.swift; path = HermesSessionClient.swift; sourceTree = "<group>"; };
		A10000000000000000000024 /* ConversationStore.swift */ = {isa = PBXFileReference; lastKnownFileType = sourcecode.swift; path = ConversationStore.swift; sourceTree = "<group>"; };
		A10000000000000000000025 /* ContentView.swift */ = {isa = PBXFileReference; lastKnownFileType = sourcecode.swift; path = ContentView.swift; sourceTree = "<group>"; };
		A10000000000000000000026 /* MessageBubble.swift */ = {isa = PBXFileReference; lastKnownFileType = sourcecode.swift; path = MessageBubble.swift; sourceTree = "<group>"; };
		A10000000000000000000030 /* HermesRelayIOSTests.xctest */ = {isa = PBXFileReference; explicitFileType = wrapper.cfbundle; includeInIndex = 0; path = HermesRelayIOSTests.xctest; sourceTree = BUILT_PRODUCTS_DIR; };
		A10000000000000000000031 /* HermesRelayIOSTests.swift */ = {isa = PBXFileReference; lastKnownFileType = sourcecode.swift; path = HermesRelayIOSTests.swift; sourceTree = "<group>"; };
		A10000000000000000000032 /* RelayConfigurationTests.swift */ = {isa = PBXFileReference; lastKnownFileType = sourcecode.swift; path = RelayConfigurationTests.swift; sourceTree = "<group>"; };
		A10000000000000000000033 /* RelayProfile.swift */ = {isa = PBXFileReference; lastKnownFileType = sourcecode.swift; path = RelayProfile.swift; sourceTree = "<group>"; };
		A10000000000000000000034 /* SecureValueStore.swift */ = {isa = PBXFileReference; lastKnownFileType = sourcecode.swift; path = SecureValueStore.swift; sourceTree = "<group>"; };
		A10000000000000000000035 /* RelayConfigurationStore.swift */ = {isa = PBXFileReference; lastKnownFileType = sourcecode.swift; path = RelayConfigurationStore.swift; sourceTree = "<group>"; };
/* End PBXFileReference section */

/* Begin PBXFrameworksBuildPhase section */
		A10000000000000000000051 /* Frameworks */ = {
			isa = PBXFrameworksBuildPhase;
			buildActionMask = 2147483647;
			files = (
			);
			runOnlyForDeploymentPostprocessing = 0;
		};
		A10000000000000000000052 /* Frameworks */ = {
			isa = PBXFrameworksBuildPhase;
			buildActionMask = 2147483647;
			files = (
			);
			runOnlyForDeploymentPostprocessing = 0;
		};
/* End PBXFrameworksBuildPhase section */

/* Begin PBXGroup section */
		A10000000000000000000060 = {
			isa = PBXGroup;
			children = (
				A10000000000000000000061 /* HermesRelayIOS */,
				A10000000000000000000062 /* HermesRelayIOSTests */,
				A10000000000000000000063 /* Products */,
			);
			sourceTree = "<group>";
		};
		A10000000000000000000061 /* HermesRelayIOS */ = {
			isa = PBXGroup;
			children = (
				A10000000000000000000021 /* HermesRelayIOSApp.swift */,
				A10000000000000000000064 /* Models */,
				A10000000000000000000065 /* Services */,
				A10000000000000000000066 /* ViewModels */,
				A10000000000000000000067 /* Views */,
			);
			path = HermesRelayIOS;
			sourceTree = "<group>";
		};
		A10000000000000000000062 /* HermesRelayIOSTests */ = {
			isa = PBXGroup;
			children = (
				A10000000000000000000031 /* HermesRelayIOSTests.swift */,
				A10000000000000000000032 /* RelayConfigurationTests.swift */,
			);
			path = HermesRelayIOSTests;
			sourceTree = "<group>";
		};
		A10000000000000000000063 /* Products */ = {
			isa = PBXGroup;
			children = (
				A10000000000000000000020 /* HermesRelayIOS.app */,
				A10000000000000000000030 /* HermesRelayIOSTests.xctest */,
			);
			name = Products;
			sourceTree = "<group>";
		};
		A10000000000000000000064 /* Models */ = {
			isa = PBXGroup;
			children = (
				A10000000000000000000022 /* SessionModels.swift */,
				A10000000000000000000033 /* RelayProfile.swift */,
			);
			path = Models;
			sourceTree = "<group>";
		};
		A10000000000000000000065 /* Services */ = {
			isa = PBXGroup;
			children = (
				A10000000000000000000023 /* HermesSessionClient.swift */,
				A10000000000000000000034 /* SecureValueStore.swift */,
				A10000000000000000000035 /* RelayConfigurationStore.swift */,
			);
			path = Services;
			sourceTree = "<group>";
		};
		A10000000000000000000066 /* ViewModels */ = {
			isa = PBXGroup;
			children = (
				A10000000000000000000024 /* ConversationStore.swift */,
			);
			path = ViewModels;
			sourceTree = "<group>";
		};
		A10000000000000000000067 /* Views */ = {
			isa = PBXGroup;
			children = (
				A10000000000000000000025 /* ContentView.swift */,
				A10000000000000000000026 /* MessageBubble.swift */,
			);
			path = Views;
			sourceTree = "<group>";
		};
/* End PBXGroup section */

/* Begin PBXNativeTarget section */
		A10000000000000000000002 /* HermesRelayIOS */ = {
			isa = PBXNativeTarget;
			buildConfigurationList = A10000000000000000000072 /* Build configuration list for PBXNativeTarget "HermesRelayIOS" */;
			buildPhases = (
				A10000000000000000000050 /* Sources */,
				A10000000000000000000051 /* Frameworks */,
				A10000000000000000000053 /* Resources */,
			);
			buildRules = (
			);
			dependencies = (
			);
			name = HermesRelayIOS;
			productName = HermesRelayIOS;
			productReference = A10000000000000000000020 /* HermesRelayIOS.app */;
			productType = "com.apple.product-type.application";
		};
		A10000000000000000000003 /* HermesRelayIOSTests */ = {
			isa = PBXNativeTarget;
			buildConfigurationList = A10000000000000000000073 /* Build configuration list for PBXNativeTarget "HermesRelayIOSTests" */;
			buildPhases = (
				A10000000000000000000054 /* Sources */,
				A10000000000000000000052 /* Frameworks */,
				A10000000000000000000055 /* Resources */,
			);
			buildRules = (
			);
			dependencies = (
				A10000000000000000000042 /* PBXTargetDependency */,
			);
			name = HermesRelayIOSTests;
			productName = HermesRelayIOSTests;
			productReference = A10000000000000000000030 /* HermesRelayIOSTests.xctest */;
			productType = "com.apple.product-type.bundle.unit-test";
		};
/* End PBXNativeTarget section */

/* Begin PBXProject section */
		A10000000000000000000001 /* Project object */ = {
			isa = PBXProject;
			attributes = {
				BuildIndependentTargetsInParallel = 1;
				LastUpgradeCheck = 2660;
				TargetAttributes = {
					A10000000000000000000002 = {
						CreatedOnToolsVersion = 26.6;
					};
					A10000000000000000000003 = {
						CreatedOnToolsVersion = 26.6;
						TestTargetID = A10000000000000000000002;
					};
				};
			};
			buildConfigurationList = A10000000000000000000071 /* Build configuration list for PBXProject "HermesRelayIOS" */;
			compatibilityVersion = "Xcode 16.0";
			developmentRegion = en;
			hasScannedForEncodings = 0;
			knownRegions = (
				en,
				Base,
			);
			mainGroup = A10000000000000000000060;
			productRefGroup = A10000000000000000000063 /* Products */;
			projectDirPath = "";
			projectRoot = "";
			targets = (
				A10000000000000000000002 /* HermesRelayIOS */,
				A10000000000000000000003 /* HermesRelayIOSTests */,
			);
		};
/* End PBXProject section */

/* Begin PBXResourcesBuildPhase section */
		A10000000000000000000053 /* Resources */ = {
			isa = PBXResourcesBuildPhase;
			buildActionMask = 2147483647;
			files = (
			);
			runOnlyForDeploymentPostprocessing = 0;
		};
		A10000000000000000000055 /* Resources */ = {
			isa = PBXResourcesBuildPhase;
			buildActionMask = 2147483647;
			files = (
			);
			runOnlyForDeploymentPostprocessing = 0;
		};
/* End PBXResourcesBuildPhase section */

/* Begin PBXSourcesBuildPhase section */
		A10000000000000000000050 /* Sources */ = {
			isa = PBXSourcesBuildPhase;
			buildActionMask = 2147483647;
			files = (
				A10000000000000000000011 /* HermesRelayIOSApp.swift in Sources */,
				A10000000000000000000012 /* SessionModels.swift in Sources */,
				A10000000000000000000013 /* HermesSessionClient.swift in Sources */,
				A10000000000000000000014 /* ConversationStore.swift in Sources */,
				A10000000000000000000015 /* ContentView.swift in Sources */,
				A10000000000000000000016 /* MessageBubble.swift in Sources */,
				A10000000000000000000019 /* RelayProfile.swift in Sources */,
				A1000000000000000000001A /* SecureValueStore.swift in Sources */,
				A1000000000000000000001B /* RelayConfigurationStore.swift in Sources */,
			);
			runOnlyForDeploymentPostprocessing = 0;
		};
		A10000000000000000000054 /* Sources */ = {
			isa = PBXSourcesBuildPhase;
			buildActionMask = 2147483647;
			files = (
				A10000000000000000000017 /* HermesRelayIOSTests.swift in Sources */,
				A10000000000000000000018 /* RelayConfigurationTests.swift in Sources */,
			);
			runOnlyForDeploymentPostprocessing = 0;
		};
/* End PBXSourcesBuildPhase section */

/* Begin PBXTargetDependency section */
		A10000000000000000000042 /* PBXTargetDependency */ = {
			isa = PBXTargetDependency;
			target = A10000000000000000000002 /* HermesRelayIOS */;
			targetProxy = A10000000000000000000041 /* PBXContainerItemProxy */;
		};
/* End PBXTargetDependency section */

/* Begin XCBuildConfiguration section */
		A10000000000000000000081 /* Debug */ = {
			isa = XCBuildConfiguration;
			buildSettings = {
				ALWAYS_SEARCH_USER_PATHS = NO;
				CLANG_ENABLE_MODULES = YES;
				CLANG_ENABLE_OBJC_ARC = YES;
				IPHONEOS_DEPLOYMENT_TARGET = 17.0;
				SWIFT_VERSION = 6.0;
			};
			name = Debug;
		};
		A10000000000000000000082 /* Release */ = {
			isa = XCBuildConfiguration;
			buildSettings = {
				ALWAYS_SEARCH_USER_PATHS = NO;
				CLANG_ENABLE_MODULES = YES;
				CLANG_ENABLE_OBJC_ARC = YES;
				IPHONEOS_DEPLOYMENT_TARGET = 17.0;
				SWIFT_VERSION = 6.0;
			};
			name = Release;
		};
		A10000000000000000000083 /* Debug */ = {
			isa = XCBuildConfiguration;
			buildSettings = {
				ASSETCATALOG_COMPILER_GLOBAL_ACCENT_COLOR_NAME = AccentColor;
				CODE_SIGN_STYLE = Automatic;
				CURRENT_PROJECT_VERSION = 1;
				DEVELOPMENT_TEAM = 37CAHGRH45;
				ENABLE_APP_SANDBOX = YES;
				ENABLE_HARDENED_RUNTIME = YES;
				ENABLE_TESTABILITY = YES;
				ENABLE_OUTGOING_NETWORK_CONNECTIONS = YES;
				GENERATE_INFOPLIST_FILE = YES;
				INFOPLIST_KEY_CFBundleDisplayName = "Hermes Relay";
				INFOPLIST_KEY_LSApplicationCategoryType = "public.app-category.productivity";
				IPHONEOS_DEPLOYMENT_TARGET = 26.0;
				MACOSX_DEPLOYMENT_TARGET = 26.0;
				MARKETING_VERSION = 0.1.0;
				PRODUCT_BUNDLE_IDENTIFIER = com.achappell.HermesRelayIOS;
				PRODUCT_NAME = "$(TARGET_NAME)";
				REGISTER_APP_GROUPS = YES;
				SDKROOT = iphoneos;
				SUPPORTED_PLATFORMS = "iphoneos iphonesimulator macosx";
				SUPPORTS_MACCATALYST = NO;
				SUPPORTS_MAC_DESIGNED_FOR_IPHONE_IPAD = NO;
				SUPPORTS_XR_DESIGNED_FOR_IPHONE_IPAD = NO;
				SWIFT_EMIT_LOC_STRINGS = YES;
				SWIFT_VERSION = 6.0;
				TARGETED_DEVICE_FAMILY = "1,2";
			};
			name = Debug;
		};
		A10000000000000000000084 /* Release */ = {
			isa = XCBuildConfiguration;
			buildSettings = {
				ASSETCATALOG_COMPILER_GLOBAL_ACCENT_COLOR_NAME = AccentColor;
				CODE_SIGN_STYLE = Automatic;
				CURRENT_PROJECT_VERSION = 1;
				DEVELOPMENT_TEAM = 37CAHGRH45;
				ENABLE_APP_SANDBOX = YES;
				ENABLE_HARDENED_RUNTIME = YES;
				ENABLE_OUTGOING_NETWORK_CONNECTIONS = YES;
				GENERATE_INFOPLIST_FILE = YES;
				INFOPLIST_KEY_CFBundleDisplayName = "Hermes Relay";
				INFOPLIST_KEY_LSApplicationCategoryType = "public.app-category.productivity";
				IPHONEOS_DEPLOYMENT_TARGET = 26.0;
				MACOSX_DEPLOYMENT_TARGET = 26.0;
				MARKETING_VERSION = 0.1.0;
				PRODUCT_BUNDLE_IDENTIFIER = com.achappell.HermesRelayIOS;
				PRODUCT_NAME = "$(TARGET_NAME)";
				REGISTER_APP_GROUPS = YES;
				SDKROOT = iphoneos;
				SUPPORTED_PLATFORMS = "iphoneos iphonesimulator macosx";
				SUPPORTS_MACCATALYST = NO;
				SUPPORTS_MAC_DESIGNED_FOR_IPHONE_IPAD = NO;
				SUPPORTS_XR_DESIGNED_FOR_IPHONE_IPAD = NO;
				SWIFT_EMIT_LOC_STRINGS = YES;
				SWIFT_VERSION = 6.0;
				TARGETED_DEVICE_FAMILY = "1,2";
			};
			name = Release;
		};
		A10000000000000000000085 /* Debug */ = {
			isa = XCBuildConfiguration;
			buildSettings = {
				BUNDLE_LOADER = "$(TEST_HOST)";
				CODE_SIGN_STYLE = Automatic;
				GENERATE_INFOPLIST_FILE = YES;
				IPHONEOS_DEPLOYMENT_TARGET = 26.0;
				MACOSX_DEPLOYMENT_TARGET = 26.0;
				PRODUCT_BUNDLE_IDENTIFIER = com.achappell.HermesRelayIOSTests;
				PRODUCT_NAME = "$(TARGET_NAME)";
				SDKROOT = iphoneos;
				SUPPORTED_PLATFORMS = "iphoneos iphonesimulator macosx";
				SWIFT_VERSION = 6.0;
				TARGETED_DEVICE_FAMILY = "1,2";
				TEST_HOST = "$(BUILT_PRODUCTS_DIR)/HermesRelayIOS.app/$(BUNDLE_EXECUTABLE_FOLDER_PATH)/HermesRelayIOS";
			};
			name = Debug;
		};
		A10000000000000000000086 /* Release */ = {
			isa = XCBuildConfiguration;
			buildSettings = {
				BUNDLE_LOADER = "$(TEST_HOST)";
				CODE_SIGN_STYLE = Automatic;
				GENERATE_INFOPLIST_FILE = YES;
				IPHONEOS_DEPLOYMENT_TARGET = 26.0;
				MACOSX_DEPLOYMENT_TARGET = 26.0;
				PRODUCT_BUNDLE_IDENTIFIER = com.achappell.HermesRelayIOSTests;
				PRODUCT_NAME = "$(TARGET_NAME)";
				SDKROOT = iphoneos;
				SUPPORTED_PLATFORMS = "iphoneos iphonesimulator macosx";
				SWIFT_VERSION = 6.0;
				TARGETED_DEVICE_FAMILY = "1,2";
				TEST_HOST = "$(BUILT_PRODUCTS_DIR)/HermesRelayIOS.app/$(BUNDLE_EXECUTABLE_FOLDER_PATH)/HermesRelayIOS";
			};
			name = Release;
		};
/* End XCBuildConfiguration section */

/* Begin XCConfigurationList section */
		A10000000000000000000071 /* Build configuration list for PBXProject "HermesRelayIOS" */ = {
			isa = XCConfigurationList;
			buildConfigurations = (
				A10000000000000000000081 /* Debug */,
				A10000000000000000000082 /* Release */,
			);
			defaultConfigurationIsVisible = 0;
			defaultConfigurationName = Release;
		};
		A10000000000000000000072 /* Build configuration list for PBXNativeTarget "HermesRelayIOS" */ = {
			isa = XCConfigurationList;
			buildConfigurations = (
				A10000000000000000000083 /* Debug */,
				A10000000000000000000084 /* Release */,
			);
			defaultConfigurationIsVisible = 0;
			defaultConfigurationName = Release;
		};
		A10000000000000000000073 /* Build configuration list for PBXNativeTarget "HermesRelayIOSTests" */ = {
			isa = XCConfigurationList;
			buildConfigurations = (
				A10000000000000000000085 /* Debug */,
				A10000000000000000000086 /* Release */,
			);
			defaultConfigurationIsVisible = 0;
			defaultConfigurationName = Release;
		};
/* End XCConfigurationList section */
	};
	rootObject = A10000000000000000000001 /* Project object */;
}
